
Microsoft Visual Studio Solution File, Format Version 12.00
# Visual Studio 15
VisualStudioVersion = 15.0.27004.2009
MinimumVisualStudioVersion = 10.0.40219.1
Project("{FAE04EC0-301F-11D3-BF4B-00C04F79EFBC}") = "SerialCom", "SerialCom\SerialCom.csproj", "{103F12A3-54D0-4E4D-A442-F6331A4DCB24}"
EndProject
Global
	GlobalSection(SolutionConfigurationPlatforms) = preSolution
		Debug|Any CPU = Debug|Any CPU
		Release|Any CPU = Release|Any CPU
	EndGlobalSection
	GlobalSection(ProjectConfigurationPlatforms) = postSolution
		{103F12A3-54D0-4E4D-A442-F6331A4DCB24}.Debug|Any CPU.ActiveCfg = Debug|Any CPU
		{103F12A3-54D0-4E4D-A442-F6331A4DCB24}.Debug|Any CPU.Build.0 = Debug|Any CPU
		{103F12A3-54D0-4E4D-A442-F6331A4DCB24}.Release|Any CPU.ActiveCfg = Release|Any CPU
		{103F12A3-54D0-4E4D-A442-F6331A4DCB24}.Release|Any CPU.Build.0 = Release|Any CPU
	EndGlobalSection
	GlobalSection(SolutionProperties) = preSolution
		HideSolutionNode = FALSE
	EndGlobalSection
	GlobalSection(ExtensibilityGlobals) = postSolution
		SolutionGuid = {3D5CCD1C-D357-4001-A645-26B64AA63B50}
	EndGlobalSection
EndGlobal
